// !$*UTF8*$!
{
	archiveVersion = 1;
	classes = {
	};
	objectVersion = 46;
	objects = {

/* Begin PBXBuildFile section */
		1A0B5FEE1BAA2385004558A4 /* GameKit.framework in Frameworks */ = {isa = PBXBuildFile; fileRef = 1A0B5FED1BAA2385004558A4 /* GameKit.framework */; };
		1A14D1291B812FEB008CEB17 /* Level 2.swift in Sources */ = {isa = PBXBuildFile; fileRef = 1A14D1281B812FEB008CEB17 /* Level 2.swift */; };
		1A14D12B1B812FEF008CEB17 /* Level 3.swift in Sources */ = {isa = PBXBuildFile; fileRef = 1A14D12A1B812FEF008CEB17 /* Level 3.swift */; };
		1A14D1521B813DAE008CEB17 /* Level 1.swift in Sources */ = {isa = PBXBuildFile; fileRef = 1A14D1511B813DAE008CEB17 /* Level 1.swift */; };
		1A14D15C1B8178D8008CEB17 /* AVFoundation.framework in Frameworks */ = {isa = PBXBuildFile; fileRef = 1A14D15B1B8178D8008CEB17 /* AVFoundation.framework */; };
		1A7681431DDC966C00B51AB2 /* Stage1.png in Resources */ = {isa = PBXBuildFile; fileRef = 1A7681421DDC966C00B51AB2 /* Stage1.png */; };
		1A7681461DDC967C00B51AB2 /* Stage2.png in Resources */ = {isa = PBXBuildFile; fileRef = 1A7681441DDC967C00B51AB2 /* Stage2.png */; };
		1A7681471DDC967C00B51AB2 /* Stage3.png in Resources */ = {isa = PBXBuildFile; fileRef = 1A7681451DDC967C00B51AB2 /* Stage3.png */; };
		1A76814E1DDC968E00B51AB2 /* Light Grey Circle.png in Resources */ = {isa = PBXBuildFile; fileRef = 1A7681481DDC968E00B51AB2 /* Light Grey Circle.png */; };
		1A76814F1DDC968E00B51AB2 /* Light Grey Square.png in Resources */ = {isa = PBXBuildFile; fileRef = 1A7681491DDC968E00B51AB2 /* Light Grey Square.png */; };
		1A7681501DDC968E00B51AB2 /* Light Grey Triangle.png in Resources */ = {isa = PBXBuildFile; fileRef = 1A76814A1DDC968E00B51AB2 /* Light Grey Triangle.png */; };
		1A7681511DDC968E00B51AB2 /* Long Grey Bar .png in Resources */ = {isa = PBXBuildFile; fileRef = 1A76814B1DDC968E00B51AB2 /* Long Grey Bar .png */; };
		1A7681521DDC968E00B51AB2 /* NewPlayers.png in Resources */ = {isa = PBXBuildFile; fileRef = 1A76814C1DDC968E00B51AB2 /* NewPlayers.png */; };
		1A7681531DDC968E00B51AB2 /* NewPlayers1.png in Resources */ = {isa = PBXBuildFile; fileRef = 1A76814D1DDC968E00B51AB2 /* NewPlayers1.png */; };
		1A7681551DDC96AB00B51AB2 /* LargeLaunch.png in Resources */ = {isa = PBXBuildFile; fileRef = 1A7681541DDC96AB00B51AB2 /* LargeLaunch.png */; };
		1A7681571DDC96B100B51AB2 /* Home.png in Resources */ = {isa = PBXBuildFile; fileRef = 1A7681561DDC96B100B51AB2 /* Home.png */; };
		1A76815B1DDC96C100B51AB2 /* Dark Grey Circle.png in Resources */ = {isa = PBXBuildFile; fileRef = 1A7681581DDC96C100B51AB2 /* Dark Grey Circle.png */; };
		1A76815C1DDC96C100B51AB2 /* Dark Grey Square.png in Resources */ = {isa = PBXBuildFile; fileRef = 1A7681591DDC96C100B51AB2 /* Dark Grey Square.png */; };
		1A76815D1DDC96C100B51AB2 /* Dark Grey Triangle.png in Resources */ = {isa = PBXBuildFile; fileRef = 1A76815A1DDC96C100B51AB2 /* Dark Grey Triangle.png */; };
		1A76815F1DDC96D000B51AB2 /* Game Music FINAL.mp3 in Resources */ = {isa = PBXBuildFile; fileRef = 1A76815E1DDC96D000B51AB2 /* Game Music FINAL.mp3 */; };
		1AA21DD21B86B22100C1F53E /* GameFinished.swift in Sources */ = {isa = PBXBuildFile; fileRef = 1AA21DD11B86B22100C1F53E /* GameFinished.swift */; };
		1AA21DD61B880E0400C1F53E /* Level Endless.swift in Sources */ = {isa = PBXBuildFile; fileRef = 1AA21DD51B880E0400C1F53E /* Level Endless.swift */; };
		1AA21DD81B898E5D00C1F53E /* Tutorial.swift in Sources */ = {isa = PBXBuildFile; fileRef = 1AA21DD71B898E5D00C1F53E /* Tutorial.swift */; };
		1AB850E81B812EE9004A032B /* AppDelegate.swift in Sources */ = {isa = PBXBuildFile; fileRef = 1AB850E71B812EE9004A032B /* AppDelegate.swift */; };
		1AB850EA1B812EE9004A032B /* GameScene.sks in Resources */ = {isa = PBXBuildFile; fileRef = 1AB850E91B812EE9004A032B /* GameScene.sks */; };
		1AB850EC1B812EE9004A032B /* GameScene.swift in Sources */ = {isa = PBXBuildFile; fileRef = 1AB850EB1B812EE9004A032B /* GameScene.swift */; };
		1AB850EE1B812EE9004A032B /* GameViewController.swift in Sources */ = {isa = PBXBuildFile; fileRef = 1AB850ED1B812EE9004A032B /* GameViewController.swift */; };
		1AB850F11B812EE9004A032B /* Main.storyboard in Resources */ = {isa = PBXBuildFile; fileRef = 1AB850EF1B812EE9004A032B /* Main.storyboard */; };
		1AB850F31B812EE9004A032B /* Images.xcassets in Resources */ = {isa = PBXBuildFile; fileRef = 1AB850F21B812EE9004A032B /* Images.xcassets */; };
		1AB850F61B812EE9004A032B /* LaunchScreen.xib in Resources */ = {isa = PBXBuildFile; fileRef = 1AB850F41B812EE9004A032B /* LaunchScreen.xib */; };
		1AB851021B812EE9004A032B /* Duos_V2Tests.swift in Sources */ = {isa = PBXBuildFile; fileRef = 1AB851011B812EE9004A032B /* Duos_V2Tests.swift */; };
/* End PBXBuildFile section */

/* Begin PBXContainerItemProxy section */
		1AB850FC1B812EE9004A032B /* PBXContainerItemProxy */ = {
			isa = PBXContainerItemProxy;
			containerPortal = 1AB850DA1B812EE9004A032B /* Project object */;
			proxyType = 1;
			remoteGlobalIDString = 1AB850E11B812EE9004A032B;
			remoteInfo = "Duos V2";
		};
/* End PBXContainerItemProxy section */

/* Begin PBXFileReference section */
		1A0B5FED1BAA2385004558A4 /* GameKit.framework */ = {isa = PBXFileReference; lastKnownFileType = wrapper.framework; name = GameKit.framework; path = System/Library/Frameworks/GameKit.framework; sourceTree = SDKROOT; };
		1A14D1281B812FEB008CEB17 /* Level 2.swift */ = {isa = PBXFileReference; fileEncoding = 4; lastKnownFileType = sourcecode.swift; path = "Level 2.swift"; sourceTree = "<group>"; };
		1A14D12A1B812FEF008CEB17 /* Level 3.swift */ = {isa = PBXFileReference; fileEncoding = 4; lastKnownFileType = sourcecode.swift; path = "Level 3.swift"; sourceTree = "<group>"; };
		1A14D1511B813DAE008CEB17 /* Level 1.swift */ = {isa = PBXFileReference; fileEncoding = 4; lastKnownFileType = sourcecode.swift; path = "Level 1.swift"; sourceTree = "<group>"; };
		1A14D15B1B8178D8008CEB17 /* AVFoundation.framework */ = {isa = PBXFileReference; lastKnownFileType = wrapper.framework; name = AVFoundation.framework; path = System/Library/Frameworks/AVFoundation.framework; sourceTree = SDKROOT; };
		1A7681421DDC966C00B51AB2 /* Stage1.png */ = {isa = PBXFileReference; lastKnownFileType = image.png; path = Stage1.png; sourceTree = "<group>"; };
		1A7681441DDC967C00B51AB2 /* Stage2.png */ = {isa = PBXFileReference; lastKnownFileType = image.png; path = Stage2.png; sourceTree = "<group>"; };
		1A7681451DDC967C00B51AB2 /* Stage3.png */ = {isa = PBXFileReference; lastKnownFileType = image.png; path = Stage3.png; sourceTree = "<group>"; };
		1A7681481DDC968E00B51AB2 /* Light Grey Circle.png */ = {isa = PBXFileReference; lastKnownFileType = image.png; path = "Light Grey Circle.png"; sourceTree = "<group>"; };
		1A7681491DDC968E00B51AB2 /* Light Grey Square.png */ = {isa = PBXFileReference; lastKnownFileType = image.png; path = "Light Grey Square.png"; sourceTree = "<group>"; };
		1A76814A1DDC968E00B51AB2 /* Light Grey Triangle.png */ = {isa = PBXFileReference; lastKnownFileType = image.png; path = "Light Grey Triangle.png"; sourceTree = "<group>"; };
		1A76814B1DDC968E00B51AB2 /* Long Grey Bar .png */ = {isa = PBXFileReference; lastKnownFileType = image.png; path = "Long Grey Bar .png"; sourceTree = "<group>"; };
		1A76814C1DDC968E00B51AB2 /* NewPlayers.png */ = {isa = PBXFileReference; lastKnownFileType = image.png; path = NewPlayers.png; sourceTree = "<group>"; };
		1A76814D1DDC968E00B51AB2 /* NewPlayers1.png */ = {isa = PBXFileReference; lastKnownFileType = image.png; path = NewPlayers1.png; sourceTree = "<group>"; };
		1A7681541DDC96AB00B51AB2 /* LargeLaunch.png */ = {isa = PBXFileReference; lastKnownFileType = image.png; path = LargeLaunch.png; sourceTree = "<group>"; };
		1A7681561DDC96B100B51AB2 /* Home.png */ = {isa = PBXFileReference; lastKnownFileType = image.png; path = Home.png; sourceTree = "<group>"; };
		1A7681581DDC96C100B51AB2 /* Dark Grey Circle.png */ = {isa = PBXFileReference; lastKnownFileType = image.png; path = "Dark Grey Circle.png"; sourceTree = "<group>"; };
		1A7681591DDC96C100B51AB2 /* Dark Grey Square.png */ = {isa = PBXFileReference; lastKnownFileType = image.png; path = "Dark Grey Square.png"; sourceTree = "<group>"; };
		1A76815A1DDC96C100B51AB2 /* Dark Grey Triangle.png */ = {isa = PBXFileReference; lastKnownFileType = image.png; path = "Dark Grey Triangle.png"; sourceTree = "<group>"; };
		1A76815E1DDC96D000B51AB2 /* Game Music FINAL.mp3 */ = {isa = PBXFileReference; lastKnownFileType = audio.mp3; path = "Game Music FINAL.mp3"; sourceTree = "<group>"; };
		1AA21DD11B86B22100C1F53E /* GameFinished.swift */ = {isa = PBXFileReference; fileEncoding = 4; lastKnownFileType = sourcecode.swift; path = GameFinished.swift; sourceTree = "<group>"; };
		1AA21DD51B880E0400C1F53E /* Level Endless.swift */ = {isa = PBXFileReference; fileEncoding = 4; lastKnownFileType = sourcecode.swift; path = "Level Endless.swift"; sourceTree = "<group>"; };
		1AA21DD71B898E5D00C1F53E /* Tutorial.swift */ = {isa = PBXFileReference; fileEncoding = 4; lastKnownFileType = sourcecode.swift; path = Tutorial.swift; sourceTree = "<group>"; };
		1AB850E21B812EE9004A032B /* Duos V2.app */ = {isa = PBXFileReference; explicitFileType = wrapper.application; includeInIndex = 0; path = "Duos V2.app"; sourceTree = BUILT_PRODUCTS_DIR; };
		1AB850E61B812EE9004A032B /* Info.plist */ = {isa = PBXFileReference; lastKnownFileType = text.plist.xml; path = Info.plist; sourceTree = "<group>"; };
		1AB850E71B812EE9004A032B /* AppDelegate.swift */ = {isa = PBXFileReference; lastKnownFileType = sourcecode.swift; path = AppDelegate.swift; sourceTree = "<group>"; };
		1AB850E91B812EE9004A032B /* GameScene.sks */ = {isa = PBXFileReference; lastKnownFileType = file.sks; path = GameScene.sks; sourceTree = "<group>"; };
		1AB850EB1B812EE9004A032B /* GameScene.swift */ = {isa = PBXFileReference; lastKnownFileType = sourcecode.swift; path = GameScene.swift; sourceTree = "<group>"; };
		1AB850ED1B812EE9004A032B /* GameViewController.swift */ = {isa = PBXFileReference; lastKnownFileType = sourcecode.swift; path = GameViewController.swift; sourceTree = "<group>"; };
		1AB850F01B812EE9004A032B /* Base */ = {isa = PBXFileReference; lastKnownFileType = file.storyboard; name = Base; path = Base.lproj/Main.storyboard; sourceTree = "<group>"; };
		1AB850F21B812EE9004A032B /* Images.xcassets */ = {isa = PBXFileReference; lastKnownFileType = folder.assetcatalog; path = Images.xcassets; sourceTree = "<group>"; };
		1AB850F51B812EE9004A032B /* Base */ = {isa = PBXFileReference; lastKnownFileType = file.xib; name = Base; path = Base.lproj/LaunchScreen.xib; sourceTree = "<group>"; };
		1AB850FB1B812EE9004A032B /* Duos V2Tests.xctest */ = {isa = PBXFileReference; explicitFileType = wrapper.cfbundle; includeInIndex = 0; path = "Duos V2Tests.xctest"; sourceTree = BUILT_PRODUCTS_DIR; };
		1AB851001B812EE9004A032B /* Info.plist */ = {isa = PBXFileReference; lastKnownFileType = text.plist.xml; path = Info.plist; sourceTree = "<group>"; };
		1AB851011B812EE9004A032B /* Duos_V2Tests.swift */ = {isa = PBXFileReference; lastKnownFileType = sourcecode.swift; path = Duos_V2Tests.swift; sourceTree = "<group>"; };
/* End PBXFileReference section */

/* Begin PBXFrameworksBuildPhase section */
		1AB850DF1B812EE9004A032B /* Frameworks */ = {
			isa = PBXFrameworksBuildPhase;
			buildActionMask = 2147483647;
			files = (
				1A14D15C1B8178D8008CEB17 /* AVFoundation.framework in Frameworks */,
				1A0B5FEE1BAA2385004558A4 /* GameKit.framework in Frameworks */,
			);
			runOnlyForDeploymentPostprocessing = 0;
		};
		1AB850F81B812EE9004A032B /* Frameworks */ = {
			isa = PBXFrameworksBuildPhase;
			buildActionMask = 2147483647;
			files = (
			);
			runOnlyForDeploymentPostprocessing = 0;
		};
/* End PBXFrameworksBuildPhase section */

/* Begin PBXGroup section */
		1A14D12C1B81301A008CEB17 /* Media stuff */ = {
			isa = PBXGroup;
			children = (
				1A76815E1DDC96D000B51AB2 /* Game Music FINAL.mp3 */,
				1A7681541DDC96AB00B51AB2 /* LargeLaunch.png */,
				1A7681581DDC96C100B51AB2 /* Dark Grey Circle.png */,
				1A7681591DDC96C100B51AB2 /* Dark Grey Square.png */,
				1A76815A1DDC96C100B51AB2 /* Dark Grey Triangle.png */,
				1A7681481DDC968E00B51AB2 /* Light Grey Circle.png */,
				1A7681491DDC968E00B51AB2 /* Light Grey Square.png */,
				1A76814A1DDC968E00B51AB2 /* Light Grey Triangle.png */,
				1A76814B1DDC968E00B51AB2 /* Long Grey Bar .png */,
				1A76814C1DDC968E00B51AB2 /* NewPlayers.png */,
				1A76814D1DDC968E00B51AB2 /* NewPlayers1.png */,
				1A7681421DDC966C00B51AB2 /* Stage1.png */,
				1A7681441DDC967C00B51AB2 /* Stage2.png */,
				1A7681451DDC967C00B51AB2 /* Stage3.png */,
				1A7681561DDC96B100B51AB2 /* Home.png */,
			);
			name = "Media stuff";
			sourceTree = "<group>";
		};
		1AB850D91B812EE9004A032B = {
			isa = PBXGroup;
			children = (
				1A0B5FED1BAA2385004558A4 /* GameKit.framework */,
				1A14D15B1B8178D8008CEB17 /* AVFoundation.framework */,
				1AB850E41B812EE9004A032B /* Duos V2 */,
				1AB850FE1B812EE9004A032B /* Duos V2Tests */,
				1AB850E31B812EE9004A032B /* Products */,
			);
			sourceTree = "<group>";
		};
		1AB850E31B812EE9004A032B /* Products */ = {
			isa = PBXGroup;
			children = (
				1AB850E21B812EE9004A032B /* Duos V2.app */,
				1AB850FB1B812EE9004A032B /* Duos V2Tests.xctest */,
			);
			name = Products;
			sourceTree = "<group>";
		};
		1AB850E41B812EE9004A032B /* Duos V2 */ = {
			isa = PBXGroup;
			children = (
				1AB850E71B812EE9004A032B /* AppDelegate.swift */,
				1AB850E91B812EE9004A032B /* GameScene.sks */,
				1AB850ED1B812EE9004A032B /* GameViewController.swift */,
				1AB850EB1B812EE9004A032B /* GameScene.swift */,
				1A14D1511B813DAE008CEB17 /* Level 1.swift */,
				1A14D1281B812FEB008CEB17 /* Level 2.swift */,
				1A14D12A1B812FEF008CEB17 /* Level 3.swift */,
				1AA21DD51B880E0400C1F53E /* Level Endless.swift */,
				1AA21DD11B86B22100C1F53E /* GameFinished.swift */,
				1AA21DD71B898E5D00C1F53E /* Tutorial.swift */,
				1AB850EF1B812EE9004A032B /* Main.storyboard */,
				1AB850F21B812EE9004A032B /* Images.xcassets */,
				1AB850F41B812EE9004A032B /* LaunchScreen.xib */,
				1A14D12C1B81301A008CEB17 /* Media stuff */,
				1AB850E51B812EE9004A032B /* Supporting Files */,
			);
			path = "Duos V2";
			sourceTree = "<group>";
		};
		1AB850E51B812EE9004A032B /* Supporting Files */ = {
			isa = PBXGroup;
			children = (
				1AB850E61B812EE9004A032B /* Info.plist */,
			);
			name = "Supporting Files";
			sourceTree = "<group>";
		};
		1AB850FE1B812EE9004A032B /* Duos V2Tests */ = {
			isa = PBXGroup;
			children = (
				1AB851011B812EE9004A032B /* Duos_V2Tests.swift */,
				1AB850FF1B812EE9004A032B /* Supporting Files */,
			);
			path = "Duos V2Tests";
			sourceTree = "<group>";
		};
		1AB850FF1B812EE9004A032B /* Supporting Files */ = {
			isa = PBXGroup;
			children = (
				1AB851001B812EE9004A032B /* Info.plist */,
			);
			name = "Supporting Files";
			sourceTree = "<group>";
		};
/* End PBXGroup section */

/* Begin PBXNativeTarget section */
		1AB850E11B812EE9004A032B /* Duos V2 */ = {
			isa = PBXNativeTarget;
			buildConfigurationList = 1AB851051B812EE9004A032B /* Build configuration list for PBXNativeTarget "Duos V2" */;
			buildPhases = (
				1AB850DE1B812EE9004A032B /* Sources */,
				1AB850DF1B812EE9004A032B /* Frameworks */,
				1AB850E01B812EE9004A032B /* Resources */,
			);
			buildRules = (
			);
			dependencies = (
			);
			name = "Duos V2";
			productName = "Duos V2";
			productReference = 1AB850E21B812EE9004A032B /* Duos V2.app */;
			productType = "com.apple.product-type.application";
		};
		1AB850FA1B812EE9004A032B /* Duos V2Tests */ = {
			isa = PBXNativeTarget;
			buildConfigurationList = 1AB851081B812EE9004A032B /* Build configuration list for PBXNativeTarget "Duos V2Tests" */;
			buildPhases = (
				1AB850F71B812EE9004A032B /* Sources */,
				1AB850F81B812EE9004A032B /* Frameworks */,
				1AB850F91B812EE9004A032B /* Resources */,
			);
			buildRules = (
			);
			dependencies = (
				1AB850FD1B812EE9004A032B /* PBXTargetDependency */,
			);
			name = "Duos V2Tests";
			productName = "Duos V2Tests";
			productReference = 1AB850FB1B812EE9004A032B /* Duos V2Tests.xctest */;
			productType = "com.apple.product-type.bundle.unit-test";
		};
/* End PBXNativeTarget section */

/* Begin PBXProject section */
		1AB850DA1B812EE9004A032B /* Project object */ = {
			isa = PBXProject;
			attributes = {
				LastSwiftMigration = 0700;
				LastSwiftUpdateCheck = 0700;
				LastUpgradeCheck = 0700;
				ORGANIZATIONNAME = "Aaron Motayne";
				TargetAttributes = {
					1AB850E11B812EE9004A032B = {
						CreatedOnToolsVersion = 6.3.1;
						DevelopmentTeam = 22ZGT27U85;
						LastSwiftMigration = 0800;
						SystemCapabilities = {
							com.apple.GameCenter = {
								enabled = 1;
							};
						};
					};
					1AB850FA1B812EE9004A032B = {
						CreatedOnToolsVersion = 6.3.1;
						LastSwiftMigration = 0800;
						TestTargetID = 1AB850E11B812EE9004A032B;
					};
				};
			};
			buildConfigurationList = 1AB850DD1B812EE9004A032B /* Build configuration list for PBXProject "Duos V2" */;
			compatibilityVersion = "Xcode 3.2";
			developmentRegion = English;
			hasScannedForEncodings = 0;
			knownRegions = (
				en,
				Base,
			);
			mainGroup = 1AB850D91B812EE9004A032B;
			productRefGroup = 1AB850E31B812EE9004A032B /* Products */;
			projectDirPath = "";
			projectRoot = "";
			targets = (
				1AB850E11B812EE9004A032B /* Duos V2 */,
				1AB850FA1B812EE9004A032B /* Duos V2Tests */,
			);
		};
/* End PBXProject section */

/* Begin PBXResourcesBuildPhase section */
		1AB850E01B812EE9004A032B /* Resources */ = {
			isa = PBXResourcesBuildPhase;
			buildActionMask = 2147483647;
			files = (
				1A7681461DDC967C00B51AB2 /* Stage2.png in Resources */,
				1A7681511DDC968E00B51AB2 /* Long Grey Bar .png in Resources */,
				1AB850F61B812EE9004A032B /* LaunchScreen.xib in Resources */,
				1A7681501DDC968E00B51AB2 /* Light Grey Triangle.png in Resources */,
				1AB850F31B812EE9004A032B /* Images.xcassets in Resources */,
				1A7681471DDC967C00B51AB2 /* Stage3.png in Resources */,
				1A76815F1DDC96D000B51AB2 /* Game Music FINAL.mp3 in Resources */,
				1AB850EA1B812EE9004A032B /* GameScene.sks in Resources */,
				1A76815C1DDC96C100B51AB2 /* Dark Grey Square.png in Resources */,
				1A76815B1DDC96C100B51AB2 /* Dark Grey Circle.png in Resources */,
				1A7681531DDC968E00B51AB2 /* NewPlayers1.png in Resources */,
				1A7681571DDC96B100B51AB2 /* Home.png in Resources */,
				1A76815D1DDC96C100B51AB2 /* Dark Grey Triangle.png in Resources */,
				1AB850F11B812EE9004A032B /* Main.storyboard in Resources */,
				1A7681521DDC968E00B51AB2 /* NewPlayers.png in Resources */,
				1A76814F1DDC968E00B51AB2 /* Light Grey Square.png in Resources */,
				1A7681551DDC96AB00B51AB2 /* LargeLaunch.png in Resources */,
				1A76814E1DDC968E00B51AB2 /* Light Grey Circle.png in Resources */,
				1A7681431DDC966C00B51AB2 /* Stage1.png in Resources */,
			);
			runOnlyForDeploymentPostprocessing = 0;
		};
		1AB850F91B812EE9004A032B /* Resources */ = {
			isa = PBXResourcesBuildPhase;
			buildActionMask = 2147483647;
			files = (
			);
			runOnlyForDeploymentPostprocessing = 0;
		};
/* End PBXResourcesBuildPhase section */

/* Begin PBXSourcesBuildPhase section */
		1AB850DE1B812EE9004A032B /* Sources */ = {
			isa = PBXSourcesBuildPhase;
			buildActionMask = 2147483647;
			files = (
				1AB850EC1B812EE9004A032B /* GameScene.swift in Sources */,
				1AA21DD21B86B22100C1F53E /* GameFinished.swift in Sources */,
				1A14D12B1B812FEF008CEB17 /* Level 3.swift in Sources */,
				1A14D1291B812FEB008CEB17 /* Level 2.swift in Sources */,
				1AB850EE1B812EE9004A032B /* GameViewController.swift in Sources */,
				1AA21DD81B898E5D00C1F53E /* Tutorial.swift in Sources */,
				1AA21DD61B880E0400C1F53E /* Level Endless.swift in Sources */,
				1A14D1521B813DAE008CEB17 /* Level 1.swift in Sources */,
				1AB850E81B812EE9004A032B /* AppDelegate.swift in Sources */,
			);
			runOnlyForDeploymentPostprocessing = 0;
		};
		1AB850F71B812EE9004A032B /* Sources */ = {
			isa = PBXSourcesBuildPhase;
			buildActionMask = 2147483647;
			files = (
				1AB851021B812EE9004A032B /* Duos_V2Tests.swift in Sources */,
			);
			runOnlyForDeploymentPostprocessing = 0;
		};
/* End PBXSourcesBuildPhase section */

/* Begin PBXTargetDependency section */
		1AB850FD1B812EE9004A032B /* PBXTargetDependency */ = {
			isa = PBXTargetDependency;
			target = 1AB850E11B812EE9004A032B /* Duos V2 */;
			targetProxy = 1AB850FC1B812EE9004A032B /* PBXContainerItemProxy */;
		};
/* End PBXTargetDependency section */

/* Begin PBXVariantGroup section */
		1AB850EF1B812EE9004A032B /* Main.storyboard */ = {
			isa = PBXVariantGroup;
			children = (
				1AB850F01B812EE9004A032B /* Base */,
			);
			name = Main.storyboard;
			sourceTree = "<group>";
		};
		1AB850F41B812EE9004A032B /* LaunchScreen.xib */ = {
			isa = PBXVariantGroup;
			children = (
				1AB850F51B812EE9004A032B /* Base */,
			);
			name = LaunchScreen.xib;
			sourceTree = "<group>";
		};
/* End PBXVariantGroup section */

/* Begin XCBuildConfiguration section */
		1AB851031B812EE9004A032B /* Debug */ = {
			isa = XCBuildConfiguration;
			buildSettings = {
				ALWAYS_SEARCH_USER_PATHS = NO;
				CLANG_CXX_LANGUAGE_STANDARD = "gnu++0x";
				CLANG_CXX_LIBRARY = "libc++";
				CLANG_ENABLE_MODULES = YES;
				CLANG_ENABLE_OBJC_ARC = YES;
				CLANG_WARN_BOOL_CONVERSION = YES;
				CLANG_WARN_CONSTANT_CONVERSION = YES;
				CLANG_WARN_DIRECT_OBJC_ISA_USAGE = YES_ERROR;
				CLANG_WARN_EMPTY_BODY = YES;
				CLANG_WARN_ENUM_CONVERSION = YES;
				CLANG_WARN_INT_CONVERSION = YES;
				CLANG_WARN_OBJC_ROOT_CLASS = YES_ERROR;
				CLANG_WARN_UNREACHABLE_CODE = YES;
				CLANG_WARN__DUPLICATE_METHOD_MATCH = YES;
				"CODE_SIGN_IDENTITY[sdk=iphoneos*]" = "iPhone Developer";
				COPY_PHASE_STRIP = NO;
				DEBUG_INFORMATION_FORMAT = "dwarf-with-dsym";
				ENABLE_STRICT_OBJC_MSGSEND = YES;
				ENABLE_TESTABILITY = YES;
				GCC_C_LANGUAGE_STANDARD = gnu99;
				GCC_DYNAMIC_NO_PIC = NO;
				GCC_NO_COMMON_BLOCKS = YES;
				GCC_OPTIMIZATION_LEVEL = 0;
				GCC_PREPROCESSOR_DEFINITIONS = (
					"DEBUG=1",
					"$(inherited)",
				);
				GCC_SYMBOLS_PRIVATE_EXTERN = NO;
				GCC_WARN_64_TO_32_BIT_CONVERSION = YES;
				GCC_WARN_ABOUT_RETURN_TYPE = YES_ERROR;
				GCC_WARN_UNDECLARED_SELECTOR = YES;
				GCC_WARN_UNINITIALIZED_AUTOS = YES_AGGRESSIVE;
				GCC_WARN_UNUSED_FUNCTION = YES;
				GCC_WARN_UNUSED_VARIABLE = YES;
				IPHONEOS_DEPLOYMENT_TARGET = 8.3;
				MTL_ENABLE_DEBUG_INFO = YES;
				ONLY_ACTIVE_ARCH = YES;
				SDKROOT = iphoneos;
				SWIFT_OPTIMIZATION_LEVEL = "-Onone";
				TARGETED_DEVICE_FAMILY = "1,2";
			};
			name = Debug;
		};
		1AB851041B812EE9004A032B /* Release */ = {
			isa = XCBuildConfiguration;
			buildSettings = {
				ALWAYS_SEARCH_USER_PATHS = NO;
				CLANG_CXX_LANGUAGE_STANDARD = "gnu++0x";
				CLANG_CXX_LIBRARY = "libc++";
				CLANG_ENABLE_MODULES = YES;
				CLANG_ENABLE_OBJC_ARC = YES;
				CLANG_WARN_BOOL_CONVERSION = YES;
				CLANG_WARN_CONSTANT_CONVERSION = YES;
				CLANG_WARN_DIRECT_OBJC_ISA_USAGE = YES_ERROR;
				CLANG_WARN_EMPTY_BODY = YES;
				CLANG_WARN_ENUM_CONVERSION = YES;
				CLANG_WARN_INT_CONVERSION = YES;
				CLANG_WARN_OBJC_ROOT_CLASS = YES_ERROR;
				CLANG_WARN_UNREACHABLE_CODE = YES;
				CLANG_WARN__DUPLICATE_METHOD_MATCH = YES;
				"CODE_SIGN_IDENTITY[sdk=iphoneos*]" = "iPhone Developer";
				COPY_PHASE_STRIP = NO;
				DEBUG_INFORMATION_FORMAT = "dwarf-with-dsym";
				ENABLE_NS_ASSERTIONS = NO;
				ENABLE_STRICT_OBJC_MSGSEND = YES;
				GCC_C_LANGUAGE_STANDARD = gnu99;
				GCC_NO_COMMON_BLOCKS = YES;
				GCC_WARN_64_TO_32_BIT_CONVERSION = YES;
				GCC_WARN_ABOUT_RETURN_TYPE = YES_ERROR;
				GCC_WARN_UNDECLARED_SELECTOR = YES;
				GCC_WARN_UNINITIALIZED_AUTOS = YES_AGGRESSIVE;
				GCC_WARN_UNUSED_FUNCTION = YES;
				GCC_WARN_UNUSED_VARIABLE = YES;
				IPHONEOS_DEPLOYMENT_TARGET = 8.3;
				MTL_ENABLE_DEBUG_INFO = NO;
				SDKROOT = iphoneos;
				TARGETED_DEVICE_FAMILY = "1,2";
				VALIDATE_PRODUCT = YES;
			};
			name = Release;
		};
		1AB851061B812EE9004A032B /* Debug */ = {
			isa = XCBuildConfiguration;
			buildSettings = {
				ASSETCATALOG_COMPILER_APPICON_NAME = AppIcon;
				CODE_SIGN_IDENTITY = "iPhone Developer";
				"CODE_SIGN_IDENTITY[sdk=iphoneos*]" = "iPhone Developer";
				INFOPLIST_FILE = "Duos V2/Info.plist";
				LD_RUNPATH_SEARCH_PATHS = "$(inherited) @executable_path/Frameworks";
				PRODUCT_BUNDLE_IDENTIFIER = "com.motayne.aaron.$(PRODUCT_NAME:rfc1034identifier)";
				PRODUCT_NAME = "$(TARGET_NAME)";
				PROVISIONING_PROFILE = "";
				SWIFT_VERSION = 3.0;
			};
			name = Debug;
		};
		1AB851071B812EE9004A032B /* Release */ = {
			isa = XCBuildConfiguration;
			buildSettings = {
				ASSETCATALOG_COMPILER_APPICON_NAME = AppIcon;
				CODE_SIGN_IDENTITY = "iPhone Developer";
				"CODE_SIGN_IDENTITY[sdk=iphoneos*]" = "iPhone Developer";
				INFOPLIST_FILE = "Duos V2/Info.plist";
				LD_RUNPATH_SEARCH_PATHS = "$(inherited) @executable_path/Frameworks";
				PRODUCT_BUNDLE_IDENTIFIER = "com.motayne.aaron.$(PRODUCT_NAME:rfc1034identifier)";
				PRODUCT_NAME = "$(TARGET_NAME)";
				PROVISIONING_PROFILE = "";
				SWIFT_VERSION = 3.0;
			};
			name = Release;
		};
		1AB851091B812EE9004A032B /* Debug */ = {
			isa = XCBuildConfiguration;
			buildSettings = {
				BUNDLE_LOADER = "$(TEST_HOST)";
				FRAMEWORK_SEARCH_PATHS = (
					"$(SDKROOT)/Developer/Library/Frameworks",
					"$(inherited)",
				);
				GCC_PREPROCESSOR_DEFINITIONS = (
					"DEBUG=1",
					"$(inherited)",
				);
				INFOPLIST_FILE = "Duos V2Tests/Info.plist";
				LD_RUNPATH_SEARCH_PATHS = "$(inherited) @executable_path/Frameworks @loader_path/Frameworks";
				PRODUCT_BUNDLE_IDENTIFIER = "com.motayne.aaron.$(PRODUCT_NAME:rfc1034identifier)";
				PRODUCT_NAME = "$(TARGET_NAME)";
				SWIFT_VERSION = 3.0;
				TEST_HOST = "$(BUILT_PRODUCTS_DIR)/Duos V2.app/Duos V2";
			};
			name = Debug;
		};
		1AB8510A1B812EE9004A032B /* Release */ = {
			isa = XCBuildConfiguration;
			buildSettings = {
				BUNDLE_LOADER = "$(TEST_HOST)";
				FRAMEWORK_SEARCH_PATHS = (
					"$(SDKROOT)/Developer/Library/Frameworks",
					"$(inherited)",
				);
				INFOPLIST_FILE = "Duos V2Tests/Info.plist";
				LD_RUNPATH_SEARCH_PATHS = "$(inherited) @executable_path/Frameworks @loader_path/Frameworks";
				PRODUCT_BUNDLE_IDENTIFIER = "com.motayne.aaron.$(PRODUCT_NAME:rfc1034identifier)";
				PRODUCT_NAME = "$(TARGET_NAME)";
				SWIFT_VERSION = 3.0;
				TEST_HOST = "$(BUILT_PRODUCTS_DIR)/Duos V2.app/Duos V2";
			};
			name = Release;
		};
/* End XCBuildConfiguration section */

/* Begin XCConfigurationList section */
		1AB850DD1B812EE9004A032B /* Build configuration list for PBXProject "Duos V2" */ = {
			isa = XCConfigurationList;
			buildConfigurations = (
				1AB851031B812EE9004A032B /* Debug */,
				1AB851041B812EE9004A032B /* Release */,
			);
			defaultConfigurationIsVisible = 0;
			defaultConfigurationName = Release;
		};
		1AB851051B812EE9004A032B /* Build configuration list for PBXNativeTarget "Duos V2" */ = {
			isa = XCConfigurationList;
			buildConfigurations = (
				1AB851061B812EE9004A032B /* Debug */,
				1AB851071B812EE9004A032B /* Release */,
			);
			defaultConfigurationIsVisible = 0;
			defaultConfigurationName = Release;
		};
		1AB851081B812EE9004A032B /* Build configuration list for PBXNativeTarget "Duos V2Tests" */ = {
			isa = XCConfigurationList;
			buildConfigurations = (
				1AB851091B812EE9004A032B /* Debug */,
				1AB8510A1B812EE9004A032B /* Release */,
			);
			defaultConfigurationIsVisible = 0;
			defaultConfigurationName = Release;
		};
/* End XCConfigurationList section */
	};
	rootObject = 1AB850DA1B812EE9004A032B /* Project object */;
}
